
Microsoft Visual Studio Solution File, Format Version 12.00
# Visual Studio 14
VisualStudioVersion = 14.0.25420.1
MinimumVisualStudioVersion = 10.0.40219.1
Project("{FAE04EC0-301F-11D3-BF4B-00C04F79EFBC}") = "Email Notification", "Email Notification\Email Notification.csproj", "{3ABFFAC6-5CC9-4CD7-93DF-D584053A8BE3}"
EndProject
Project("{FAE04EC0-301F-11D3-BF4B-00C04F79EFBC}") = "EmailNotificationService", "EmailNotificationService\EmailNotificationService.csproj", "{94A261D6-D5B6-46E5-93F1-2937509CC6E9}"
EndProject
Project("{FAE04EC0-301F-11D3-BF4B-00C04F79EFBC}") = "DatabaseManagementService", "DatabaseManagementService\DatabaseManagementService.csproj", "{177AAE53-6BC6-4856-A05E-C162613F6344}"
EndProject
Project("{FAE04EC0-301F-11D3-BF4B-00C04F79EFBC}") = "Email_Notification.Interfaces", "Email_Notification.Interfaces\Email_Notification.Interfaces.csproj", "{63604BE6-F665-430E-8F5A-2CDEAC9183A7}"
EndProject
Project("{FAE04EC0-301F-11D3-BF4B-00C04F79EFBC}") = "XmlHelperLibrary", "..\Master Sheet Simulation WPF\XmlHelperLibrary\XmlHelperLibrary.csproj", "{AFE455B6-942B-4872-BB76-959E22AFA641}"
EndProject
Project("{FAE04EC0-301F-11D3-BF4B-00C04F79EFBC}") = "DatabaseManagementService.Tests", "DatabaseManagementService.Tests\DatabaseManagementService.Tests.csproj", "{1E1A844A-457A-4631-976F-CE5C1F68443F}"
EndProject
Project("{FAE04EC0-301F-11D3-BF4B-00C04F79EFBC}") = "EmailingService", "EmailingService\EmailingService.csproj", "{6723A08B-499D-4682-A16C-6323ED1260A8}"
EndProject
Project("{FAE04EC0-301F-11D3-BF4B-00C04F79EFBC}") = "EmailingService.Tests", "EmailingService.Tests\EmailingService.Tests.csproj", "{98479E65-0541-4F33-AD6F-3642B8D7FCEF}"
EndProject
Global
	GlobalSection(SolutionConfigurationPlatforms) = preSolution
		Debug|Any CPU = Debug|Any CPU
		Release|Any CPU = Release|Any CPU
	EndGlobalSection
	GlobalSection(ProjectConfigurationPlatforms) = postSolution
		{3ABFFAC6-5CC9-4CD7-93DF-D584053A8BE3}.Debug|Any CPU.ActiveCfg = Debug|Any CPU
		{3ABFFAC6-5CC9-4CD7-93DF-D584053A8BE3}.Debug|Any CPU.Build.0 = Debug|Any CPU
		{3ABFFAC6-5CC9-4CD7-93DF-D584053A8BE3}.Release|Any CPU.ActiveCfg = Release|Any CPU
		{3ABFFAC6-5CC9-4CD7-93DF-D584053A8BE3}.Release|Any CPU.Build.0 = Release|Any CPU
		{94A261D6-D5B6-46E5-93F1-2937509CC6E9}.Debug|Any CPU.ActiveCfg = Debug|Any CPU
		{94A261D6-D5B6-46E5-93F1-2937509CC6E9}.Debug|Any CPU.Build.0 = Debug|Any CPU
		{94A261D6-D5B6-46E5-93F1-2937509CC6E9}.Release|Any CPU.ActiveCfg = Release|Any CPU
		{94A261D6-D5B6-46E5-93F1-2937509CC6E9}.Release|Any CPU.Build.0 = Release|Any CPU
		{177AAE53-6BC6-4856-A05E-C162613F6344}.Debug|Any CPU.ActiveCfg = Debug|Any CPU
		{177AAE53-6BC6-4856-A05E-C162613F6344}.Debug|Any CPU.Build.0 = Debug|Any CPU
		{177AAE53-6BC6-4856-A05E-C162613F6344}.Release|Any CPU.ActiveCfg = Release|Any CPU
		{177AAE53-6BC6-4856-A05E-C162613F6344}.Release|Any CPU.Build.0 = Release|Any CPU
		{63604BE6-F665-430E-8F5A-2CDEAC9183A7}.Debug|Any CPU.ActiveCfg = Debug|Any CPU
		{63604BE6-F665-430E-8F5A-2CDEAC9183A7}.Debug|Any CPU.Build.0 = Debug|Any CPU
		{63604BE6-F665-430E-8F5A-2CDEAC9183A7}.Release|Any CPU.ActiveCfg = Release|Any CPU
		{63604BE6-F665-430E-8F5A-2CDEAC9183A7}.Release|Any CPU.Build.0 = Release|Any CPU
		{AFE455B6-942B-4872-BB76-959E22AFA641}.Debug|Any CPU.ActiveCfg = Debug|Any CPU
		{AFE455B6-942B-4872-BB76-959E22AFA641}.Debug|Any CPU.Build.0 = Debug|Any CPU
		{AFE455B6-942B-4872-BB76-959E22AFA641}.Release|Any CPU.ActiveCfg = Release|Any CPU
		{AFE455B6-942B-4872-BB76-959E22AFA641}.Release|Any CPU.Build.0 = Release|Any CPU
		{1E1A844A-457A-4631-976F-CE5C1F68443F}.Debug|Any CPU.ActiveCfg = Debug|Any CPU
		{1E1A844A-457A-4631-976F-CE5C1F68443F}.Debug|Any CPU.Build.0 = Debug|Any CPU
		{1E1A844A-457A-4631-976F-CE5C1F68443F}.Release|Any CPU.ActiveCfg = Release|Any CPU
		{1E1A844A-457A-4631-976F-CE5C1F68443F}.Release|Any CPU.Build.0 = Release|Any CPU
		{6723A08B-499D-4682-A16C-6323ED1260A8}.Debug|Any CPU.ActiveCfg = Debug|Any CPU
		{6723A08B-499D-4682-A16C-6323ED1260A8}.Debug|Any CPU.Build.0 = Debug|Any CPU
		{6723A08B-499D-4682-A16C-6323ED1260A8}.Release|Any CPU.ActiveCfg = Release|Any CPU
		{6723A08B-499D-4682-A16C-6323ED1260A8}.Release|Any CPU.Build.0 = Release|Any CPU
		{98479E65-0541-4F33-AD6F-3642B8D7FCEF}.Debug|Any CPU.ActiveCfg = Debug|Any CPU
		{98479E65-0541-4F33-AD6F-3642B8D7FCEF}.Debug|Any CPU.Build.0 = Debug|Any CPU
		{98479E65-0541-4F33-AD6F-3642B8D7FCEF}.Release|Any CPU.ActiveCfg = Release|Any CPU
		{98479E65-0541-4F33-AD6F-3642B8D7FCEF}.Release|Any CPU.Build.0 = Release|Any CPU
	EndGlobalSection
	GlobalSection(SolutionProperties) = preSolution
		HideSolutionNode = FALSE
	EndGlobalSection
EndGlobal
